
Microsoft Visual Studio Solution File, Format Version 12.00
# Visual Studio Version 16
VisualStudioVersion = 16.0.31624.102
MinimumVisualStudioVersion = 10.0.40219.1
Project("{8BC9CEB8-8B4A-11D0-8D11-00A0C91BC942}") = "Melody", "Melody\Melody.vcxproj", "{0E07D6E6-4943-4E51-82EA-005B500A59F3}"
EndProject
Global
	GlobalSection(SolutionConfigurationPlatforms) = preSolution
		Debug|x64 = Debug|x64
		Debug|x86 = Debug|x86
		Release|x64 = Release|x64
		Release|x86 = Release|x86
	EndGlobalSection
	GlobalSection(ProjectConfigurationPlatforms) = postSolution
		{0E07D6E6-4943-4E51-82EA-005B500A59F3}.Debug|x64.ActiveCfg = Debug|x64
		{0E07D6E6-4943-4E51-82EA-005B500A59F3}.Debug|x64.Build.0 = Debug|x64
		{0E07D6E6-4943-4E51-82EA-005B500A59F3}.Debug|x86.ActiveCfg = Debug|Win32
		{0E07D6E6-4943-4E51-82EA-005B500A59F3}.Debug|x86.Build.0 = Debug|Win32
		{0E07D6E6-4943-4E51-82EA-005B500A59F3}.Release|x64.ActiveCfg = Release|x64
		{0E07D6E6-4943-4E51-82EA-005B500A59F3}.Release|x64.Build.0 = Release|x64
		{0E07D6E6-4943-4E51-82EA-005B500A59F3}.Release|x86.ActiveCfg = Release|Win32
		{0E07D6E6-4943-4E51-82EA-005B500A59F3}.Release|x86.Build.0 = Release|Win32
	EndGlobalSection
	GlobalSection(SolutionProperties) = preSolution
		HideSolutionNode = FALSE
	EndGlobalSection
	GlobalSection(ExtensibilityGlobals) = postSolution
		SolutionGuid = {EF39DB85-E1FD-4DF7-B421-4B4A16ED2B72}
	EndGlobalSection
EndGlobal
